
Microsoft Visual Studio Solution File, Format Version 12.00
# Visual Studio 15
VisualStudioVersion = 15.0.27428.1
MinimumVisualStudioVersion = 10.0.40219.1
Project("{9A19103F-16F7-4668-BE54-9A1E7A4F7556}") = "UnifyPermission", "UnifyPermission\UnifyPermission.csproj", "{E2693430-646E-493F-A6C4-7911B26B66F9}"
EndProject
Project("{9A19103F-16F7-4668-BE54-9A1E7A4F7556}") = "WebAPIAuthentication", "WebAPIAuthentication\WebAPIAuthentication.csproj", "{94E3856B-28A1-409A-8AF9-F12B8BA465E3}"
EndProject
Project("{FAE04EC0-301F-11D3-BF4B-00C04F79EFBC}") = "ConsoleApp", "ConsoleApp\ConsoleApp.csproj", "{DABCDFC7-92FA-4813-A1F0-E6FB6DB8BEDA}"
EndProject
Project("{FAE04EC0-301F-11D3-BF4B-00C04F79EFBC}") = "FileLogger.Test", "FileLogger.Test\FileLogger.Test.csproj", "{BD72E760-A89B-466C-9A93-045BE443EF7C}"
EndProject
Project("{9A19103F-16F7-4668-BE54-9A1E7A4F7556}") = "FileLogger", "FileLogger\FileLogger.csproj", "{7FD6F13A-C382-483A-AC26-4DEFDE7C93BA}"
EndProject
Global
	GlobalSection(SolutionConfigurationPlatforms) = preSolution
		Debug|Any CPU = Debug|Any CPU
		Release|Any CPU = Release|Any CPU
	EndGlobalSection
	GlobalSection(ProjectConfigurationPlatforms) = postSolution
		{E2693430-646E-493F-A6C4-7911B26B66F9}.Debug|Any CPU.ActiveCfg = Debug|Any CPU
		{E2693430-646E-493F-A6C4-7911B26B66F9}.Debug|Any CPU.Build.0 = Debug|Any CPU
		{E2693430-646E-493F-A6C4-7911B26B66F9}.Release|Any CPU.ActiveCfg = Release|Any CPU
		{E2693430-646E-493F-A6C4-7911B26B66F9}.Release|Any CPU.Build.0 = Release|Any CPU
		{94E3856B-28A1-409A-8AF9-F12B8BA465E3}.Debug|Any CPU.ActiveCfg = Debug|Any CPU
		{94E3856B-28A1-409A-8AF9-F12B8BA465E3}.Debug|Any CPU.Build.0 = Debug|Any CPU
		{94E3856B-28A1-409A-8AF9-F12B8BA465E3}.Release|Any CPU.ActiveCfg = Release|Any CPU
		{94E3856B-28A1-409A-8AF9-F12B8BA465E3}.Release|Any CPU.Build.0 = Release|Any CPU
		{DABCDFC7-92FA-4813-A1F0-E6FB6DB8BEDA}.Debug|Any CPU.ActiveCfg = Debug|Any CPU
		{DABCDFC7-92FA-4813-A1F0-E6FB6DB8BEDA}.Debug|Any CPU.Build.0 = Debug|Any CPU
		{DABCDFC7-92FA-4813-A1F0-E6FB6DB8BEDA}.Release|Any CPU.ActiveCfg = Release|Any CPU
		{DABCDFC7-92FA-4813-A1F0-E6FB6DB8BEDA}.Release|Any CPU.Build.0 = Release|Any CPU
		{BD72E760-A89B-466C-9A93-045BE443EF7C}.Debug|Any CPU.ActiveCfg = Debug|Any CPU
		{BD72E760-A89B-466C-9A93-045BE443EF7C}.Debug|Any CPU.Build.0 = Debug|Any CPU
		{BD72E760-A89B-466C-9A93-045BE443EF7C}.Release|Any CPU.ActiveCfg = Release|Any CPU
		{BD72E760-A89B-466C-9A93-045BE443EF7C}.Release|Any CPU.Build.0 = Release|Any CPU
		{7FD6F13A-C382-483A-AC26-4DEFDE7C93BA}.Debug|Any CPU.ActiveCfg = Debug|Any CPU
		{7FD6F13A-C382-483A-AC26-4DEFDE7C93BA}.Debug|Any CPU.Build.0 = Debug|Any CPU
		{7FD6F13A-C382-483A-AC26-4DEFDE7C93BA}.Release|Any CPU.ActiveCfg = Release|Any CPU
		{7FD6F13A-C382-483A-AC26-4DEFDE7C93BA}.Release|Any CPU.Build.0 = Release|Any CPU
	EndGlobalSection
	GlobalSection(SolutionProperties) = preSolution
		HideSolutionNode = FALSE
	EndGlobalSection
	GlobalSection(ExtensibilityGlobals) = postSolution
		SolutionGuid = {D7C1BABC-307A-4387-B76E-1F8E43416C9E}
	EndGlobalSection
EndGlobal
